# This file is autogenerated, do not edit; changes may be undone by the next 'dep ensure'.


[[projects]]
  name = "cloud.google.com/go"
  packages = ["compute/metadata","iam","internal","internal/optional","internal/version","storage"]
  revision = "2d3a6656c17a60b0815b7e06ab0be04eacb6e613"
  version = "v0.16.0"

[[projects]]
  name = "github.com/Azure/go-autorest"
  packages = ["autorest","autorest/adal","autorest/azure","autorest/date","logger","version"]
  revision = "9bc4033dd347c7f416fca46b2f42a043dc1fbdf6"
  version = "v10.15.5"

[[projects]]
  branch = "master"
  name = "github.com/aryann/difflib"
  packages = ["."]
  revision = "e206f873d14a916d3d26c40ab667bca123f365a3"

[[projects]]
  name = "github.com/aws/aws-sdk-go"
  packages = ["aws","aws/arn","aws/awserr","aws/awsutil","aws/client","aws/client/metadata","aws/corehandlers","aws/credentials","aws/credentials/ec2rolecreds","aws/credentials/endpointcreds","aws/credentials/processcreds","aws/credentials/stscreds","aws/csm","aws/defaults","aws/ec2metadata","aws/endpoints","aws/request","aws/session","aws/signer/v4","internal/context","internal/ini","internal/s3err","internal/sdkio","internal/sdkmath","internal/sdkrand","internal/sdkuri","internal/shareddefaults","internal/strings","internal/sync/singleflight","private/protocol","private/protocol/eventstream","private/protocol/eventstream/eventstreamapi","private/protocol/json/jsonutil","private/protocol/query","private/protocol/query/queryutil","private/protocol/rest","private/protocol/restxml","private/protocol/xml/xmlutil","service/s3","service/s3/internal/arn","service/sts","service/sts/stsiface"]
  revision = "851d5ffb66720c2540cc68020d4d8708950686c8"
  version = "v1.30.7"

[[projects]]
  name = "github.com/bkaradzic/go-lz4"
  packages = ["."]
  revision = "74ddf82598bc4745b965729e9c6a463bedd33049"
  version = "v1.0.0"

[[projects]]
  name = "github.com/dgrijalva/jwt-go"
  packages = ["."]
  revision = "06ea1031745cb8b3dab3f6a236daf2b0aa468b7e"
  version = "v3.2.0"

[[projects]]
  branch = "master"
  name = "github.com/gilbertchen/azure-sdk-for-go"
  packages = ["storage","version"]
  revision = "8fd4663cab7c7c1c46d00449291c92ad23b0d0d9"

[[projects]]
  branch = "master"
  name = "github.com/gilbertchen/cli"
  packages = ["."]
  revision = "1de0a1836ce9c3ae1bf737a0869c4f04f28a7f98"

[[projects]]
  name = "github.com/gilbertchen/go-dropbox"
  packages = ["."]
  revision = "2233fa1dd846b3a3e8060b6c1ea12883deb9d288"

[[projects]]
  name = "github.com/gilbertchen/go-ole"
  packages = ["."]
  revision = "0e87ea779d9deb219633b828a023b32e1244dd57"
  version = "v1.2.0"

[[projects]]
  branch = "master"
  name = "github.com/gilbertchen/go.dbus"
  packages = ["."]
  revision = "8591994fa32f1dbe3fa9486bc6f4d4361ac16649"

[[projects]]
  branch = "master"
  name = "github.com/gilbertchen/goamz"
  packages = ["aws","s3"]
  revision = "eada9f4e8cc2a45db775dee08a2c37597ce4760a"

[[projects]]
  branch = "master"
  name = "github.com/gilbertchen/gopass"
  packages = ["."]
  revision = "bf9dde6d0d2c004a008c27aaee91170c786f6db8"

[[projects]]
  branch = "master"
  name = "github.com/gilbertchen/keyring"
  packages = ["."]
  revision = "8855f5632086e51468cd7ce91056f8da69687ef6"

[[projects]]
  branch = "master"
  name = "github.com/gilbertchen/xattr"
  packages = ["."]
  revision = "68e7a6806b0137a396d7d05601d7403ae1abac58"

[[projects]]
  branch = "master"
  name = "github.com/golang/groupcache"
  packages = ["lru"]
  revision = "8c9f03a8e57eb486e42badaed3fb287da51807ba"

[[projects]]
  name = "github.com/golang/protobuf"
  packages = ["proto","protoc-gen-go/descriptor","ptypes","ptypes/any","ptypes/duration","ptypes/timestamp"]
  revision = "84668698ea25b64748563aa20726db66a6b8d299"
  version = "v1.3.5"

[[projects]]
  name = "github.com/googleapis/gax-go"
  packages = [".","v2"]
  revision = "c8a15bac9b9fe955bd9f900272f9a306465d28cf"
  version = "v2.0.3"

[[projects]]
  name = "github.com/jmespath/go-jmespath"
  packages = ["."]
  revision = "c2b33e84"

[[projects]]
  name = "github.com/klauspost/cpuid"
  packages = ["."]
  revision = "750c0591dbbd50ef88371c665ad49e426a4b830b"
  version = "v1.3.1"

[[projects]]
  name = "github.com/klauspost/reedsolomon"
  packages = ["."]
  revision = "7daa20bf74337a939c54f892a2eca9d9b578eb7f"
  version = "v1.9.9"

[[projects]]
  name = "github.com/kr/fs"
  packages = ["."]
  revision = "1455def202f6e05b95cc7bfc7e8ae67ae5141eba"
  version = "v0.1.0"

[[projects]]
  name = "github.com/marstr/guid"
  packages = ["."]
  revision = "8bd9a64bf37eb297b492a4101fb28e80ac0b290f"
  version = "v1.1.0"

[[projects]]
  branch = "master"
  name = "github.com/minio/blake2b-simd"
  packages = ["."]
  revision = "3f5f724cb5b182a5c278d6d3d55b40e7f8c2efb4"

[[projects]]
  name = "github.com/minio/highwayhash"
  packages = ["."]
  revision = "86a2a969d04373bf05ca722517d30fb1c9a3e4f9"
  version = "v1.0.1"

[[projects]]
  branch = "master"
  name = "github.com/mmcloughlin/avo"
  packages = ["attr","build","buildtags","gotypes","internal/prnt","internal/stack","ir","operand","pass","printer","reg","src","x86"]
  revision = "443f81d771042b019379ae4bfcd0a591cb47c88a"

[[projects]]
  name = "github.com/ncw/swift"
  packages = ["."]
  revision = "3e1a09f21340e4828e7265aa89f4dc1495fa7ccc"
  version = "v1.0.50"

[[projects]]
  name = "github.com/pkg/errors"
  packages = ["."]
  revision = "614d223910a179a466c1767a985424175c39b465"
  version = "v0.9.1"

[[projects]]
  name = "github.com/pkg/sftp"
  packages = ["."]
  revision = "5616182052227b951e76d9c9b79a616c608bd91b"
  version = "v1.11.0"

[[projects]]
  name = "github.com/pkg/xattr"
  packages = ["."]
  revision = "dd870b5cfebab49617ea0c1da6176474e8a52bf4"
  version = "v0.4.1"

[[projects]]
  name = "github.com/satori/go.uuid"
  packages = ["."]
  revision = "f58768cc1a7a7e77a3bd49e98cdd21419399b6a3"
  version = "v1.2.0"

[[projects]]
  branch = "master"
  name = "github.com/vaughan0/go-ini"
  packages = ["."]
  revision = "a98ad7ee00ec53921f08832bc06ecf7fd600e6a1"

[[projects]]
  name = "go.opencensus.io"
  packages = [".","internal","internal/tagencoding","metric/metricdata","metric/metricproducer","plugin/ochttp","plugin/ochttp/propagation/b3","resource","stats","stats/internal","stats/view","tag","trace","trace/internal","trace/propagation","trace/tracestate"]
  revision = "d835ff86be02193d324330acdb7d65546b05f814"
  version = "v0.22.3"

[[projects]]
  branch = "master"
  name = "golang.org/x/crypto"
  packages = ["blowfish","chacha20","curve25519","ed25519","ed25519/internal/edwards25519","internal/subtle","pbkdf2","poly1305","ssh","ssh/agent","ssh/internal/bcrypt_pbkdf","ssh/terminal"]
  revision = "056763e48d71961566155f089ac0f02f1dda9b5a"

[[projects]]
  name = "golang.org/x/mod"
  packages = ["semver"]
  revision = "859b3ef565e237f9f1a0fb6b55385c497545680d"
  version = "v0.3.0"

[[projects]]
  branch = "master"
  name = "golang.org/x/net"
  packages = ["context","context/ctxhttp","http/httpguts","http2","http2/hpack","idna","internal/timeseries","trace"]
  revision = "d3edc9973b7eb1fb302b0ff2c62357091cea9a30"

[[projects]]
  name = "golang.org/x/oauth2"
  packages = [".","google","internal","jws","jwt"]
  revision = "bf48bf16ab8d622ce64ec6ce98d2c98f916b6303"

[[projects]]
  branch = "master"
  name = "golang.org/x/sys"
  packages = ["cpu","unix","windows"]
  revision = "59c9f1ba88faf592b225274f69c5ef1e4ebacf82"

[[projects]]
  name = "golang.org/x/text"
  packages = ["collate","collate/build","internal/colltab","internal/gen","internal/language","internal/language/compact","internal/tag","internal/triegen","internal/ucd","language","secure/bidirule","transform","unicode/bidi","unicode/cldr","unicode/norm","unicode/rangetable"]
  revision = "342b2e1fbaa52c93f31447ad2c6abc048c63e475"
  version = "v0.3.2"

[[projects]]
  branch = "master"
  name = "golang.org/x/tools"
  packages = ["go/ast/astutil","go/gcexportdata","go/internal/gcimporter","go/internal/packagesdriver","go/packages","go/types/typeutil","internal/event","internal/event/core","internal/event/keys","internal/event/label","internal/gocommand","internal/packagesinternal","internal/typesinternal"]
  revision = "5d1fdd8fa3469142b9369713b23d8413d6d83189"

[[projects]]
  branch = "master"
  name = "golang.org/x/xerrors"
  packages = [".","internal"]
  revision = "5ec99f83aff198f5fbd629d6c8d8eb38a04218ca"

[[projects]]
  name = "google.golang.org/api"
  packages = ["drive/v3","googleapi","googleapi/transport","internal","internal/gensupport","internal/third_party/uritemplates","iterator","option","option/internaloption","storage/v1","transport/cert","transport/http","transport/http/internal/propagation"]
  revision = "52f0532eadbcc6f6b82d6f5edf66e610d10bfde6"
  version = "v0.21.0"

[[projects]]
  name = "google.golang.org/appengine"
  packages = [".","internal","internal/app_identity","internal/base","internal/datastore","internal/log","internal/modules","internal/remote_api","internal/urlfetch","urlfetch"]
  revision = "971852bfffca25b069c31162ae8f247a3dba083b"
  version = "v1.6.5"

[[projects]]
  branch = "master"
  name = "google.golang.org/genproto"
  packages = ["googleapis/api/annotations","googleapis/iam/v1","googleapis/rpc/status","googleapis/type/expr"]
  revision = "baae70f3302d3efdff74db41e48a5d476d036906"

[[projects]]
  name = "google.golang.org/grpc"
  packages = [".","attributes","backoff","balancer","balancer/base","balancer/roundrobin","binarylog/grpc_binarylog_v1","codes","connectivity","credentials","credentials/internal","encoding","encoding/proto","grpclog","internal","internal/backoff","internal/balancerload","internal/binarylog","internal/buffer","internal/channelz","internal/envconfig","internal/grpclog","internal/grpcrand","internal/grpcsync","internal/grpcutil","internal/resolver/dns","internal/resolver/passthrough","internal/syscall","internal/transport","keepalive","metadata","naming","peer","resolver","serviceconfig","stats","status","tap"]
  revision = "ac54eec90516cee50fc6b9b113b34628a85f976f"
  version = "v1.28.1"

[solve-meta]
  analyzer-name = "dep"
  analyzer-version = 1
  inputs-digest = "e46f7c2dac527af6d5a0d47f1444421a6738d28252eb5d6084fc1c65f2b41bd8"
  solver-name = "gps-cdcl"
  solver-version = 1
