# This file is autogenerated, do not edit; changes may be undone by the next 'dep ensure'.


[[projects]]
  digest = "1:b24249f5a5e6fbe1eddc94b25973172339ccabeadef4779274f3ed0167c18812"
  name = "cloud.google.com/go"
  packages = [
    "compute/metadata",
    "iam",
    "internal",
    "internal/optional",
    "internal/version",
    "storage",
  ]
  pruneopts = ""
  revision = "2d3a6656c17a60b0815b7e06ab0be04eacb6e613"
  version = "v0.16.0"

[[projects]]
  digest = "1:be4413f858a3de9704de44e309f7b0691cb99f3640aa1dac4c361324935bd6cf"
  name = "github.com/Azure/go-autorest"
  packages = [
    "autorest",
    "autorest/adal",
    "autorest/azure",
    "autorest/date",
    "logger",
    "version",
  ]
  pruneopts = ""
  revision = "9bc4033dd347c7f416fca46b2f42a043dc1fbdf6"
  version = "v10.15.5"

[[projects]]
  branch = "master"
  digest = "1:b7cdbbcaef354c332008e7344d81576d8d4421d80dc488a9f2f0b4b65b044aa4"
  name = "github.com/aryann/difflib"
  packages = ["."]
  pruneopts = ""
  revision = "e206f873d14a916d3d26c40ab667bca123f365a3"

[[projects]]
  digest = "1:b4c1e963c607672044db624b042fbe77da5fc5fcd7c73eff0bb2bf1dac055a1a"
  name = "github.com/aws/aws-sdk-go"
  packages = [
    "aws",
    "aws/arn",
    "aws/awserr",
    "aws/awsutil",
    "aws/client",
    "aws/client/metadata",
    "aws/corehandlers",
    "aws/credentials",
    "aws/credentials/ec2rolecreds",
    "aws/credentials/endpointcreds",
    "aws/credentials/processcreds",
    "aws/credentials/stscreds",
    "aws/csm",
    "aws/defaults",
    "aws/ec2metadata",
    "aws/endpoints",
    "aws/request",
    "aws/session",
    "aws/signer/v4",
    "internal/context",
    "internal/ini",
    "internal/s3err",
    "internal/sdkio",
    "internal/sdkmath",
    "internal/sdkrand",
    "internal/sdkuri",
    "internal/shareddefaults",
    "internal/strings",
    "internal/sync/singleflight",
    "private/protocol",
    "private/protocol/eventstream",
    "private/protocol/eventstream/eventstreamapi",
    "private/protocol/json/jsonutil",
    "private/protocol/query",
    "private/protocol/query/queryutil",
    "private/protocol/rest",
    "private/protocol/restxml",
    "private/protocol/xml/xmlutil",
    "service/s3",
    "service/s3/internal/arn",
    "service/sts",
    "service/sts/stsiface",
  ]
  pruneopts = ""
  revision = "851d5ffb66720c2540cc68020d4d8708950686c8"
  version = "v1.30.7"

[[projects]]
  digest = "1:3d88fb4e994a19fcf3d273eca68a9366407d427bbe45aec758cefd068652c22c"
  name = "github.com/bkaradzic/go-lz4"
  packages = ["."]
  pruneopts = ""
  revision = "74ddf82598bc4745b965729e9c6a463bedd33049"
  version = "v1.0.0"

[[projects]]
  digest = "1:6098222470fe0172157ce9bbef5d2200df4edde17ee649c5d6e48330e4afa4c6"
  name = "github.com/dgrijalva/jwt-go"
  packages = ["."]
  pruneopts = ""
  revision = "06ea1031745cb8b3dab3f6a236daf2b0aa468b7e"
  version = "v3.2.0"

[[projects]]
  branch = "master"
  digest = "1:51ec3c6a41ad57ee6ef499105c0ba4e532cabe3a39740c8a72917c75df58aa15"
  name = "github.com/gilbertchen/azure-sdk-for-go"
  packages = [
    "storage",
    "version",
  ]
  pruneopts = ""
  revision = "8fd4663cab7c7c1c46d00449291c92ad23b0d0d9"

[[projects]]
  branch = "master"
  digest = "1:9c40f9c50ab216ef976243cf5ad137fc2cf64ad6162cfc6561ddf53b8cd63f48"
  name = "github.com/gilbertchen/cli"
  packages = ["."]
  pruneopts = ""
  revision = "1de0a1836ce9c3ae1bf737a0869c4f04f28a7f98"

[[projects]]
  digest = "1:601b529473b9392bf2c7069b2bee036861d879b08458640457a4b56a1f30b1c3"
  name = "github.com/gilbertchen/go-dropbox"
  packages = ["."]
  pruneopts = ""
  revision = "2233fa1dd846b3a3e8060b6c1ea12883deb9d288"

[[projects]]
  digest = "1:27ccdd108c757f26910b9042fe59e1c0cedf573414022065613a917b8d8f2ee3"
  name = "github.com/gilbertchen/go-ole"
  packages = ["."]
  pruneopts = ""
  revision = "0e87ea779d9deb219633b828a023b32e1244dd57"
  version = "v1.2.0"

[[projects]]
  branch = "master"
  digest = "1:c1e84a0b4cd772e90c90bfb583b95e5c85d88cdf83ee1823616ce1acbe43fd3a"
  name = "github.com/gilbertchen/go.dbus"
  packages = ["."]
  pruneopts = ""
  revision = "8591994fa32f1dbe3fa9486bc6f4d4361ac16649"

[[projects]]
  branch = "master"
  digest = "1:1d6c3784731c4c550a3b6e74984e04c99c185e648751063f627028f2833e21d8"
  name = "github.com/gilbertchen/goamz"
  packages = [
    "aws",
    "s3",
  ]
  pruneopts = ""
  revision = "eada9f4e8cc2a45db775dee08a2c37597ce4760a"

[[projects]]
  branch = "master"
  digest = "1:f81c8d7354cc0c6340f2f7a48724ee6c2b3db3e918ecd441c985b4d2d97dd3e7"
  name = "github.com/gilbertchen/gopass"
  packages = ["."]
  pruneopts = ""
  revision = "bf9dde6d0d2c004a008c27aaee91170c786f6db8"

[[projects]]
  branch = "master"
  digest = "1:761552ed161850a9fd707d4d8b80d45d0d0b80d8e787dcb6b2169d2522eb5e0b"
  name = "github.com/gilbertchen/keyring"
  packages = ["."]
  pruneopts = ""
  revision = "8855f5632086e51468cd7ce91056f8da69687ef6"

[[projects]]
  branch = "master"
  digest = "1:0576a742585a9cc468a32b1d4ca7482ea551441958f0432051ba82c438335c5b"
  name = "github.com/gilbertchen/xattr"
  packages = ["."]
  pruneopts = ""
  revision = "68e7a6806b0137a396d7d05601d7403ae1abac58"

[[projects]]
  branch = "master"
  digest = "1:4f6eeb36bf5878cc13757c318e4a57a35dbfd85a55257e891b31991b8c46a381"
  name = "github.com/golang/groupcache"
  packages = ["lru"]
  pruneopts = ""
  revision = "8c9f03a8e57eb486e42badaed3fb287da51807ba"

[[projects]]
  digest = "1:415591ae88c430905b72ffef1d19380bd7feda96dd08eb5cd45a23e5dc04f397"
  name = "github.com/golang/protobuf"
  packages = [
    "proto",
    "protoc-gen-go/descriptor",
    "ptypes",
    "ptypes/any",
    "ptypes/duration",
    "ptypes/timestamp",
  ]
  pruneopts = ""
  revision = "84668698ea25b64748563aa20726db66a6b8d299"
  version = "v1.3.5"

[[projects]]
  digest = "1:55c1b46a80db2baf4d762c1d0b5cb4946e46125baa02b8959310abab15b54aee"
  name = "github.com/googleapis/gax-go"
  packages = [
    ".",
    "v2",
  ]
  pruneopts = ""
  revision = "c8a15bac9b9fe955bd9f900272f9a306465d28cf"
  version = "v2.0.3"

[[projects]]
  digest = "1:13fe471d0ed891e8544eddfeeb0471fd3c9f2015609a1c000aefdedf52a19d40"
  name = "github.com/jmespath/go-jmespath"
  packages = ["."]
  pruneopts = ""
  revision = "c2b33e84"

[[projects]]
  digest = "1:3fa0237ef9e8e1a5326025ada64b3deef7aa44aca60509ff4dd1fa0772adf1d7"
  name = "github.com/klauspost/cpuid"
  packages = ["."]
  pruneopts = ""
  revision = "750c0591dbbd50ef88371c665ad49e426a4b830b"
  version = "v1.3.1"

[[projects]]
  digest = "1:a3c95a81b5085e1508e99c2e2b386a563e4b40d9281a6bbaddd9710a887dc8e7"
  name = "github.com/klauspost/reedsolomon"
  packages = ["."]
  pruneopts = ""
  revision = "7daa20bf74337a939c54f892a2eca9d9b578eb7f"
  version = "v1.9.9"

[[projects]]
  digest = "1:1bea35e6d6ea2712107d20a9770cf331b5c18e17ba02d28011939d9bc7c67534"
  name = "github.com/kr/fs"
  packages = ["."]
  pruneopts = ""
  revision = "1455def202f6e05b95cc7bfc7e8ae67ae5141eba"
  version = "v0.1.0"

[[projects]]
  digest = "1:f95025d583786875a71183888acc9d0987fc96f12d4f5afab3d7558797ea1c5a"
  name = "github.com/marstr/guid"
  packages = ["."]
  pruneopts = ""
  revision = "8bd9a64bf37eb297b492a4101fb28e80ac0b290f"
  version = "v1.1.0"

[[projects]]
  branch = "master"
  digest = "1:c485395b7f2482c29d261f62e1bc2d263de703eb02a6dba83c62810981b5860f"
  name = "github.com/minio/blake2b-simd"
  packages = ["."]
  pruneopts = ""
  revision = "3f5f724cb5b182a5c278d6d3d55b40e7f8c2efb4"

[[projects]]
  digest = "1:e3f630e813147ef723166f7cb758aa37608c6dac460a27f07b1c7c5187eccc56"
  name = "github.com/minio/highwayhash"
  packages = ["."]
  pruneopts = ""
  revision = "86a2a969d04373bf05ca722517d30fb1c9a3e4f9"
  version = "v1.0.1"

[[projects]]
  branch = "master"
  digest = "1:e1a1045a3232ddf13c69d0d437cb99aa44cd3e7e3cdfaae2aff00f9a7ffd9f43"
  name = "github.com/mmcloughlin/avo"
  packages = [
    "attr",
    "build",
    "buildtags",
    "gotypes",
    "internal/prnt",
    "internal/stack",
    "ir",
    "operand",
    "pass",
    "printer",
    "reg",
    "src",
    "x86",
  ]
  pruneopts = ""
  revision = "443f81d771042b019379ae4bfcd0a591cb47c88a"

[[projects]]
  digest = "1:d231f79beffa1d6a96b96f1c25cfe23b8a75ae7639158184e94d583f2f32cdcd"
  name = "github.com/ncw/swift"
  packages = ["."]
  pruneopts = ""
  revision = "9e8ac9b634d0b8e5ffe010c130170b56afd8a1d5"
  version = "v2.0.1"

[[projects]]
  digest = "1:c45802472e0c06928cd997661f2af610accd85217023b1d5f6331bebce0671d3"
  name = "github.com/pkg/errors"
  packages = ["."]
  pruneopts = ""
  revision = "614d223910a179a466c1767a985424175c39b465"
  version = "v0.9.1"

[[projects]]
  digest = "1:842872e8761a089f82e96afebdd4952c7e82fddf9f08461308b9f00f72f7dbf2"
  name = "github.com/pkg/sftp"
  packages = ["."]
  pruneopts = ""
  revision = "5616182052227b951e76d9c9b79a616c608bd91b"
  version = "v1.11.0"

[[projects]]
  digest = "1:9aeef3e130b50349114c5b450a804b45ce5d62f69498c58c6364df524cdbb517"
  name = "github.com/pkg/xattr"
  packages = ["."]
  pruneopts = ""
  revision = "dd870b5cfebab49617ea0c1da6176474e8a52bf4"
  version = "v0.4.1"

[[projects]]
  digest = "1:7f569d906bdd20d906b606415b7d794f798f91a62fcfb6a4daa6d50690fb7a3f"
  name = "github.com/satori/go.uuid"
  packages = ["."]
  pruneopts = ""
  revision = "f58768cc1a7a7e77a3bd49e98cdd21419399b6a3"
  version = "v1.2.0"

[[projects]]
  branch = "master"
  digest = "1:5b73c9a49a98d2686d169009620630709232b957a4bfd60458cf2b6e1dff591b"
  name = "github.com/vaughan0/go-ini"
  packages = ["."]
  pruneopts = ""
  revision = "a98ad7ee00ec53921f08832bc06ecf7fd600e6a1"

[[projects]]
  digest = "1:c60f77af8e23f9c4e3e0b6be74c3101f9e67ca31fb5ac6b607c51f53ea3ccd10"
  name = "github.com/vmihailenco/msgpack"
  packages = [
    ".",
    "codes",
  ]
  pruneopts = ""
  revision = "cd92a145e6d2ce09e792f838dc0b669b680aea29"
  version = "v4.1.1"

[[projects]]
  digest = "1:c581a72cab33a86dcc089d162862d9b448fdbdcfe83d005376e9dc656b438c60"
  name = "github.com/vmihailenco/tagparser"
  packages = [
    ".",
    "internal",
    "internal/parser",
  ]
  pruneopts = ""
  revision = "be04d19a03d0f4739671a500012335e98ebfeb9f"
  version = "v0.1.2"

[[projects]]
  digest = "1:bdc350aa972d4bff9c4584b72e896a66ab8f5b05be9413b2f01c07914addb1d8"
  name = "go.opencensus.io"
  packages = [
    ".",
    "internal",
    "internal/tagencoding",
    "metric/metricdata",
    "metric/metricproducer",
    "plugin/ochttp",
    "plugin/ochttp/propagation/b3",
    "resource",
    "stats",
    "stats/internal",
    "stats/view",
    "tag",
    "trace",
    "trace/internal",
    "trace/propagation",
    "trace/tracestate",
  ]
  pruneopts = ""
  revision = "d835ff86be02193d324330acdb7d65546b05f814"
  version = "v0.22.3"

[[projects]]
  branch = "master"
  digest = "1:f345913043f51e1a06b2c0679b75ab262717035482bb33b0081da4e35b5425f0"
  name = "golang.org/x/crypto"
  packages = [
    "blowfish",
    "chacha20",
    "curve25519",
    "ed25519",
    "ed25519/internal/edwards25519",
    "internal/subtle",
    "pbkdf2",
    "poly1305",
    "ssh",
    "ssh/agent",
    "ssh/internal/bcrypt_pbkdf",
    "ssh/terminal",
  ]
  pruneopts = ""
  revision = "056763e48d71961566155f089ac0f02f1dda9b5a"

[[projects]]
  digest = "1:ba49944a3238ae8f163c85b6d01d2db51cd5b09807105a3cfaacbd414744ca82"
  name = "golang.org/x/mod"
  packages = ["semver"]
  pruneopts = ""
  revision = "859b3ef565e237f9f1a0fb6b55385c497545680d"
  version = "v0.3.0"

[[projects]]
  branch = "master"
  digest = "1:5ee8059477435bc4ec344bfa2ba129566bd0bc8137d98af9ec9aa4ba8e5f1e4e"
  name = "golang.org/x/net"
  packages = [
    "context",
    "context/ctxhttp",
    "http/httpguts",
    "http2",
    "http2/hpack",
    "idna",
    "internal/timeseries",
    "trace",
  ]
  pruneopts = ""
  revision = "d3edc9973b7eb1fb302b0ff2c62357091cea9a30"

[[projects]]
  digest = "1:571c7f844acf3c916ac5997f82f227c49a38490f1fca65afd47d64d188ced96e"
  name = "golang.org/x/oauth2"
  packages = [
    ".",
    "google",
    "internal",
    "jws",
    "jwt",
  ]
  pruneopts = ""
  revision = "bf48bf16ab8d622ce64ec6ce98d2c98f916b6303"

[[projects]]
  branch = "master"
  digest = "1:fc246fd9c4ee7362b40563f3aca658dca6b56f95941f0999e484d6e47c766cec"
  name = "golang.org/x/sys"
  packages = [
    "cpu",
    "unix",
    "windows",
  ]
  pruneopts = ""
  revision = "59c9f1ba88faf592b225274f69c5ef1e4ebacf82"

[[projects]]
  digest = "1:740b51a55815493a8d0f2b1e0d0ae48fe48953bf7eaf3fcc4198823bf67768c0"
  name = "golang.org/x/text"
  packages = [
    "collate",
    "collate/build",
    "internal/colltab",
    "internal/gen",
    "internal/language",
    "internal/language/compact",
    "internal/tag",
    "internal/triegen",
    "internal/ucd",
    "language",
    "secure/bidirule",
    "transform",
    "unicode/bidi",
    "unicode/cldr",
    "unicode/norm",
    "unicode/rangetable",
  ]
  pruneopts = ""
  revision = "342b2e1fbaa52c93f31447ad2c6abc048c63e475"
  version = "v0.3.2"

[[projects]]
  branch = "master"
  digest = "1:8546fa819f4af350195c7113e6fc93a207c65f513da8e7b18b04db0d44bae68c"
  name = "golang.org/x/tools"
  packages = [
    "go/ast/astutil",
    "go/gcexportdata",
    "go/internal/gcimporter",
    "go/internal/packagesdriver",
    "go/packages",
    "go/types/typeutil",
    "internal/event",
    "internal/event/core",
    "internal/event/keys",
    "internal/event/label",
    "internal/gocommand",
    "internal/packagesinternal",
    "internal/typesinternal",
  ]
  pruneopts = ""
  revision = "5d1fdd8fa3469142b9369713b23d8413d6d83189"

[[projects]]
  branch = "master"
  digest = "1:a5a7a1a9560c0eb1f8b32c40da2e71bd2a05b9ff9e1ea294461c7dbe0d24c6bc"
  name = "golang.org/x/xerrors"
  packages = [
    ".",
    "internal",
  ]
  pruneopts = ""
  revision = "5ec99f83aff198f5fbd629d6c8d8eb38a04218ca"

[[projects]]
  digest = "1:67027536ed4ff92afe84f8055df3ecd146f224536463c26935695e383c387a4a"
  name = "google.golang.org/api"
  packages = [
    "drive/v3",
    "googleapi",
    "googleapi/transport",
    "internal",
    "internal/gensupport",
    "internal/third_party/uritemplates",
    "iterator",
    "option",
    "option/internaloption",
    "storage/v1",
    "transport/cert",
    "transport/http",
    "transport/http/internal/propagation",
  ]
  pruneopts = ""
  revision = "52f0532eadbcc6f6b82d6f5edf66e610d10bfde6"
  version = "v0.21.0"

[[projects]]
  digest = "1:c4404231035fad619a12f82ae3f0f8f9edc1cc7f34e7edad7a28ccac5336cc96"
  name = "google.golang.org/appengine"
  packages = [
    ".",
    "datastore",
    "datastore/internal/cloudkey",
    "datastore/internal/cloudpb",
    "internal",
    "internal/app_identity",
    "internal/base",
    "internal/datastore",
    "internal/log",
    "internal/modules",
    "internal/remote_api",
    "internal/urlfetch",
    "urlfetch",
  ]
  pruneopts = ""
  revision = "971852bfffca25b069c31162ae8f247a3dba083b"
  version = "v1.6.5"

[[projects]]
  branch = "master"
  digest = "1:82cddd575fc4f53adc4ff3b020a8d3059b62e98ce2c5edffd73c8eb7f7852ceb"
  name = "google.golang.org/genproto"
  packages = [
    "googleapis/api/annotations",
    "googleapis/iam/v1",
    "googleapis/rpc/status",
    "googleapis/type/expr",
  ]
  pruneopts = ""
  revision = "baae70f3302d3efdff74db41e48a5d476d036906"

[[projects]]
  digest = "1:ddd8690c98beb65aae9b9b8d81856d5361153a4d24985ca039c2cc9e9ada4a6c"
  name = "google.golang.org/grpc"
  packages = [
    ".",
    "attributes",
    "backoff",
    "balancer",
    "balancer/base",
    "balancer/roundrobin",
    "binarylog/grpc_binarylog_v1",
    "codes",
    "connectivity",
    "credentials",
    "credentials/internal",
    "encoding",
    "encoding/proto",
    "grpclog",
    "internal",
    "internal/backoff",
    "internal/balancerload",
    "internal/binarylog",
    "internal/buffer",
    "internal/channelz",
    "internal/envconfig",
    "internal/grpclog",
    "internal/grpcrand",
    "internal/grpcsync",
    "internal/grpcutil",
    "internal/resolver/dns",
    "internal/resolver/passthrough",
    "internal/syscall",
    "internal/transport",
    "keepalive",
    "metadata",
    "naming",
    "peer",
    "resolver",
    "serviceconfig",
    "stats",
    "status",
    "tap",
  ]
  pruneopts = ""
  revision = "ac54eec90516cee50fc6b9b113b34628a85f976f"
  version = "v1.28.1"

[solve-meta]
  analyzer-name = "dep"
  analyzer-version = 1
  input-imports = [
    "cloud.google.com/go/storage",
    "github.com/aryann/difflib",
    "github.com/aws/aws-sdk-go/aws",
    "github.com/aws/aws-sdk-go/aws/awserr",
    "github.com/aws/aws-sdk-go/aws/credentials",
    "github.com/aws/aws-sdk-go/aws/session",
    "github.com/aws/aws-sdk-go/service/s3",
    "github.com/bkaradzic/go-lz4",
    "github.com/gilbertchen/azure-sdk-for-go/storage",
    "github.com/gilbertchen/cli",
    "github.com/gilbertchen/go-dropbox",
    "github.com/gilbertchen/go-ole",
    "github.com/gilbertchen/goamz/aws",
    "github.com/gilbertchen/goamz/s3",
    "github.com/gilbertchen/gopass",
    "github.com/gilbertchen/keyring",
    "github.com/gilbertchen/xattr",
    "github.com/klauspost/reedsolomon",
    "github.com/minio/blake2b-simd",
    "github.com/minio/highwayhash",
    "github.com/ncw/swift",
    "github.com/pkg/sftp",
    "github.com/pkg/xattr",
    "github.com/vmihailenco/msgpack",
    "golang.org/x/crypto/pbkdf2",
    "golang.org/x/crypto/ssh",
    "golang.org/x/crypto/ssh/agent",
    "golang.org/x/net/context",
    "golang.org/x/oauth2",
    "golang.org/x/oauth2/google",
    "google.golang.org/api/drive/v3",
    "google.golang.org/api/googleapi",
    "google.golang.org/api/iterator",
    "google.golang.org/api/option",
  ]
  solver-name = "gps-cdcl"
  solver-version = 1
